// !$*UTF8*$!
{
	archiveVersion = 1;
	classes = {
	};
	objectVersion = 50;
	objects = {

/* Begin PBXBuildFile section */
		40CC7FEA268DB96000A373D5 /* AppDelegate.swift in Sources */ = {isa = PBXBuildFile; fileRef = 40CC7FE9268DB96000A373D5 /* AppDelegate.swift */; };
		40CC7FEC268DB96000A373D5 /* SceneDelegate.swift in Sources */ = {isa = PBXBuildFile; fileRef = 40CC7FEB268DB96000A373D5 /* SceneDelegate.swift */; };
		40CC7FEE268DB96000A373D5 /* ConversationsViewController.swift in Sources */ = {isa = PBXBuildFile; fileRef = 40CC7FED268DB96000A373D5 /* ConversationsViewController.swift */; };
		40CC7FF1268DB96000A373D5 /* Main.storyboard in Resources */ = {isa = PBXBuildFile; fileRef = 40CC7FEF268DB96000A373D5 /* Main.storyboard */; };
		40CC7FF3268DB96100A373D5 /* Assets.xcassets in Resources */ = {isa = PBXBuildFile; fileRef = 40CC7FF2268DB96100A373D5 /* Assets.xcassets */; };
		40CC7FF6268DB96100A373D5 /* LaunchScreen.storyboard in Resources */ = {isa = PBXBuildFile; fileRef = 40CC7FF4268DB96100A373D5 /* LaunchScreen.storyboard */; };
		40CC8004268DBC3500A373D5 /* LoginViewController.swift in Sources */ = {isa = PBXBuildFile; fileRef = 40CC8003268DBC3500A373D5 /* LoginViewController.swift */; };
		40CC8006268DBC4600A373D5 /* RegisterViewController.swift in Sources */ = {isa = PBXBuildFile; fileRef = 40CC8005268DBC4600A373D5 /* RegisterViewController.swift */; };
		40CC8009268DBC7200A373D5 /* PhotoViewerViewController.swift in Sources */ = {isa = PBXBuildFile; fileRef = 40CC8008268DBC7200A373D5 /* PhotoViewerViewController.swift */; };
		40CC800C268DBC8C00A373D5 /* VideoPlayerViewController.swift in Sources */ = {isa = PBXBuildFile; fileRef = 40CC800B268DBC8C00A373D5 /* VideoPlayerViewController.swift */; };
		40CC800E268DBCB400A373D5 /* NewConversationViewController.swift in Sources */ = {isa = PBXBuildFile; fileRef = 40CC800D268DBCB400A373D5 /* NewConversationViewController.swift */; };
		40CC8010268DBCCB00A373D5 /* ProfileViewController.swift in Sources */ = {isa = PBXBuildFile; fileRef = 40CC800F268DBCCB00A373D5 /* ProfileViewController.swift */; };
/* End PBXBuildFile section */

/* Begin PBXFileReference section */
		40CC7FE6268DB96000A373D5 /* Messenger.app */ = {isa = PBXFileReference; explicitFileType = wrapper.application; includeInIndex = 0; path = Messenger.app; sourceTree = BUILT_PRODUCTS_DIR; };
		40CC7FE9268DB96000A373D5 /* AppDelegate.swift */ = {isa = PBXFileReference; lastKnownFileType = sourcecode.swift; path = AppDelegate.swift; sourceTree = "<group>"; };
		40CC7FEB268DB96000A373D5 /* SceneDelegate.swift */ = {isa = PBXFileReference; lastKnownFileType = sourcecode.swift; path = SceneDelegate.swift; sourceTree = "<group>"; };
		40CC7FED268DB96000A373D5 /* ConversationsViewController.swift */ = {isa = PBXFileReference; lastKnownFileType = sourcecode.swift; path = ConversationsViewController.swift; sourceTree = "<group>"; };
		40CC7FF0268DB96000A373D5 /* Base */ = {isa = PBXFileReference; lastKnownFileType = file.storyboard; name = Base; path = Base.lproj/Main.storyboard; sourceTree = "<group>"; };
		40CC7FF2268DB96100A373D5 /* Assets.xcassets */ = {isa = PBXFileReference; lastKnownFileType = folder.assetcatalog; path = Assets.xcassets; sourceTree = "<group>"; };
		40CC7FF5268DB96100A373D5 /* Base */ = {isa = PBXFileReference; lastKnownFileType = file.storyboard; name = Base; path = Base.lproj/LaunchScreen.storyboard; sourceTree = "<group>"; };
		40CC7FF7268DB96100A373D5 /* Info.plist */ = {isa = PBXFileReference; lastKnownFileType = text.plist.xml; path = Info.plist; sourceTree = "<group>"; };
		40CC8003268DBC3500A373D5 /* LoginViewController.swift */ = {isa = PBXFileReference; lastKnownFileType = sourcecode.swift; path = LoginViewController.swift; sourceTree = "<group>"; };
		40CC8005268DBC4600A373D5 /* RegisterViewController.swift */ = {isa = PBXFileReference; lastKnownFileType = sourcecode.swift; path = RegisterViewController.swift; sourceTree = "<group>"; };
		40CC8008268DBC7200A373D5 /* PhotoViewerViewController.swift */ = {isa = PBXFileReference; lastKnownFileType = sourcecode.swift; path = PhotoViewerViewController.swift; sourceTree = "<group>"; };
		40CC800B268DBC8C00A373D5 /* VideoPlayerViewController.swift */ = {isa = PBXFileReference; lastKnownFileType = sourcecode.swift; path = VideoPlayerViewController.swift; sourceTree = "<group>"; };
		40CC800D268DBCB400A373D5 /* NewConversationViewController.swift */ = {isa = PBXFileReference; lastKnownFileType = sourcecode.swift; path = NewConversationViewController.swift; sourceTree = "<group>"; };
		40CC800F268DBCCB00A373D5 /* ProfileViewController.swift */ = {isa = PBXFileReference; lastKnownFileType = sourcecode.swift; path = ProfileViewController.swift; sourceTree = "<group>"; };
/* End PBXFileReference section */

/* Begin PBXFrameworksBuildPhase section */
		40CC7FE3268DB96000A373D5 /* Frameworks */ = {
			isa = PBXFrameworksBuildPhase;
			buildActionMask = 2147483647;
			files = (
			);
			runOnlyForDeploymentPostprocessing = 0;
		};
/* End PBXFrameworksBuildPhase section */

/* Begin PBXGroup section */
		40CC7FDD268DB96000A373D5 = {
			isa = PBXGroup;
			children = (
				40CC7FE8268DB96000A373D5 /* Messenger */,
				40CC7FE7268DB96000A373D5 /* Products */,
			);
			sourceTree = "<group>";
		};
		40CC7FE7268DB96000A373D5 /* Products */ = {
			isa = PBXGroup;
			children = (
				40CC7FE6268DB96000A373D5 /* Messenger.app */,
			);
			name = Products;
			sourceTree = "<group>";
		};
		40CC7FE8268DB96000A373D5 /* Messenger */ = {
			isa = PBXGroup;
			children = (
				40CC8001268DBA9700A373D5 /* Resources */,
				40CC8000268DBA9100A373D5 /* ViewModels */,
				40CC7FFF268DBA8900A373D5 /* Models */,
				40CC7FFE268DBA8200A373D5 /* Views */,
				40CC7FFD268DBA7400A373D5 /* Controllers */,
				40CC7FF7268DB96100A373D5 /* Info.plist */,
			);
			path = Messenger;
			sourceTree = "<group>";
		};
		40CC7FFD268DBA7400A373D5 /* Controllers */ = {
			isa = PBXGroup;
			children = (
				40CC7FED268DB96000A373D5 /* ConversationsViewController.swift */,
				40CC8003268DBC3500A373D5 /* LoginViewController.swift */,
				40CC8005268DBC4600A373D5 /* RegisterViewController.swift */,
				40CC8008268DBC7200A373D5 /* PhotoViewerViewController.swift */,
				40CC800B268DBC8C00A373D5 /* VideoPlayerViewController.swift */,
				40CC800D268DBCB400A373D5 /* NewConversationViewController.swift */,
				40CC800F268DBCCB00A373D5 /* ProfileViewController.swift */,
			);
			path = Controllers;
			sourceTree = "<group>";
		};
		40CC7FFE268DBA8200A373D5 /* Views */ = {
			isa = PBXGroup;
			children = (
				40CC8002268DBAD200A373D5 /* Storyboards */,
				40CC7FF2268DB96100A373D5 /* Assets.xcassets */,
			);
			path = Views;
			sourceTree = "<group>";
		};
		40CC7FFF268DBA8900A373D5 /* Models */ = {
			isa = PBXGroup;
			children = (
			);
			path = Models;
			sourceTree = "<group>";
		};
		40CC8000268DBA9100A373D5 /* ViewModels */ = {
			isa = PBXGroup;
			children = (
			);
			path = ViewModels;
			sourceTree = "<group>";
		};
		40CC8001268DBA9700A373D5 /* Resources */ = {
			isa = PBXGroup;
			children = (
				40CC7FEB268DB96000A373D5 /* SceneDelegate.swift */,
				40CC7FE9268DB96000A373D5 /* AppDelegate.swift */,
			);
			path = Resources;
			sourceTree = "<group>";
		};
		40CC8002268DBAD200A373D5 /* Storyboards */ = {
			isa = PBXGroup;
			children = (
				40CC7FEF268DB96000A373D5 /* Main.storyboard */,
				40CC7FF4268DB96100A373D5 /* LaunchScreen.storyboard */,
			);
			path = Storyboards;
			sourceTree = "<group>";
		};
/* End PBXGroup section */

/* Begin PBXNativeTarget section */
		40CC7FE5268DB96000A373D5 /* Messenger */ = {
			isa = PBXNativeTarget;
			buildConfigurationList = 40CC7FFA268DB96100A373D5 /* Build configuration list for PBXNativeTarget "Messenger" */;
			buildPhases = (
				40CC7FE2268DB96000A373D5 /* Sources */,
				40CC7FE3268DB96000A373D5 /* Frameworks */,
				40CC7FE4268DB96000A373D5 /* Resources */,
			);
			buildRules = (
			);
			dependencies = (
			);
			name = Messenger;
			productName = Messenger;
			productReference = 40CC7FE6268DB96000A373D5 /* Messenger.app */;
			productType = "com.apple.product-type.application";
		};
/* End PBXNativeTarget section */

/* Begin PBXProject section */
		40CC7FDE268DB96000A373D5 /* Project object */ = {
			isa = PBXProject;
			attributes = {
				LastSwiftUpdateCheck = 1250;
				LastUpgradeCheck = 1250;
				TargetAttributes = {
					40CC7FE5268DB96000A373D5 = {
						CreatedOnToolsVersion = 12.5.1;
					};
				};
			};
			buildConfigurationList = 40CC7FE1268DB96000A373D5 /* Build configuration list for PBXProject "Messenger" */;
			compatibilityVersion = "Xcode 9.3";
			developmentRegion = en;
			hasScannedForEncodings = 0;
			knownRegions = (
				en,
				Base,
			);
			mainGroup = 40CC7FDD268DB96000A373D5;
			productRefGroup = 40CC7FE7268DB96000A373D5 /* Products */;
			projectDirPath = "";
			projectRoot = "";
			targets = (
				40CC7FE5268DB96000A373D5 /* Messenger */,
			);
		};
/* End PBXProject section */

/* Begin PBXResourcesBuildPhase section */
		40CC7FE4268DB96000A373D5 /* Resources */ = {
			isa = PBXResourcesBuildPhase;
			buildActionMask = 2147483647;
			files = (
				40CC7FF6268DB96100A373D5 /* LaunchScreen.storyboard in Resources */,
				40CC7FF3268DB96100A373D5 /* Assets.xcassets in Resources */,
				40CC7FF1268DB96000A373D5 /* Main.storyboard in Resources */,
			);
			runOnlyForDeploymentPostprocessing = 0;
		};
/* End PBXResourcesBuildPhase section */

/* Begin PBXSourcesBuildPhase section */
		40CC7FE2268DB96000A373D5 /* Sources */ = {
			isa = PBXSourcesBuildPhase;
			buildActionMask = 2147483647;
			files = (
				40CC8004268DBC3500A373D5 /* LoginViewController.swift in Sources */,
				40CC8006268DBC4600A373D5 /* RegisterViewController.swift in Sources */,
				40CC800E268DBCB400A373D5 /* NewConversationViewController.swift in Sources */,
				40CC7FEE268DB96000A373D5 /* ConversationsViewController.swift in Sources */,
				40CC800C268DBC8C00A373D5 /* VideoPlayerViewController.swift in Sources */,
				40CC7FEA268DB96000A373D5 /* AppDelegate.swift in Sources */,
				40CC8010268DBCCB00A373D5 /* ProfileViewController.swift in Sources */,
				40CC7FEC268DB96000A373D5 /* SceneDelegate.swift in Sources */,
				40CC8009268DBC7200A373D5 /* PhotoViewerViewController.swift in Sources */,
			);
			runOnlyForDeploymentPostprocessing = 0;
		};
/* End PBXSourcesBuildPhase section */

/* Begin PBXVariantGroup section */
		40CC7FEF268DB96000A373D5 /* Main.storyboard */ = {
			isa = PBXVariantGroup;
			children = (
				40CC7FF0268DB96000A373D5 /* Base */,
			);
			name = Main.storyboard;
			sourceTree = "<group>";
		};
		40CC7FF4268DB96100A373D5 /* LaunchScreen.storyboard */ = {
			isa = PBXVariantGroup;
			children = (
				40CC7FF5268DB96100A373D5 /* Base */,
			);
			name = LaunchScreen.storyboard;
			sourceTree = "<group>";
		};
/* End PBXVariantGroup section */

/* Begin XCBuildConfiguration section */
		40CC7FF8268DB96100A373D5 /* Debug */ = {
			isa = XCBuildConfiguration;
			buildSettings = {
				ALWAYS_SEARCH_USER_PATHS = NO;
				CLANG_ANALYZER_NONNULL = YES;
				CLANG_ANALYZER_NUMBER_OBJECT_CONVERSION = YES_AGGRESSIVE;
				CLANG_CXX_LANGUAGE_STANDARD = "gnu++14";
				CLANG_CXX_LIBRARY = "libc++";
				CLANG_ENABLE_MODULES = YES;
				CLANG_ENABLE_OBJC_ARC = YES;
				CLANG_ENABLE_OBJC_WEAK = YES;
				CLANG_WARN_BLOCK_CAPTURE_AUTORELEASING = YES;
				CLANG_WARN_BOOL_CONVERSION = YES;
				CLANG_WARN_COMMA = YES;
				CLANG_WARN_CONSTANT_CONVERSION = YES;
				CLANG_WARN_DEPRECATED_OBJC_IMPLEMENTATIONS = YES;
				CLANG_WARN_DIRECT_OBJC_ISA_USAGE = YES_ERROR;
				CLANG_WARN_DOCUMENTATION_COMMENTS = YES;
				CLANG_WARN_EMPTY_BODY = YES;
				CLANG_WARN_ENUM_CONVERSION = YES;
				CLANG_WARN_INFINITE_RECURSION = YES;
				CLANG_WARN_INT_CONVERSION = YES;
				CLANG_WARN_NON_LITERAL_NULL_CONVERSION = YES;
				CLANG_WARN_OBJC_IMPLICIT_RETAIN_SELF = YES;
				CLANG_WARN_OBJC_LITERAL_CONVERSION = YES;
				CLANG_WARN_OBJC_ROOT_CLASS = YES_ERROR;
				CLANG_WARN_QUOTED_INCLUDE_IN_FRAMEWORK_HEADER = YES;
				CLANG_WARN_RANGE_LOOP_ANALYSIS = YES;
				CLANG_WARN_STRICT_PROTOTYPES = YES;
				CLANG_WARN_SUSPICIOUS_MOVE = YES;
				CLANG_WARN_UNGUARDED_AVAILABILITY = YES_AGGRESSIVE;
				CLANG_WARN_UNREACHABLE_CODE = YES;
				CLANG_WARN__DUPLICATE_METHOD_MATCH = YES;
				COPY_PHASE_STRIP = NO;
				DEBUG_INFORMATION_FORMAT = dwarf;
				ENABLE_STRICT_OBJC_MSGSEND = YES;
				ENABLE_TESTABILITY = YES;
				GCC_C_LANGUAGE_STANDARD = gnu11;
				GCC_DYNAMIC_NO_PIC = NO;
				GCC_NO_COMMON_BLOCKS = YES;
				GCC_OPTIMIZATION_LEVEL = 0;
				GCC_PREPROCESSOR_DEFINITIONS = (
					"DEBUG=1",
					"$(inherited)",
				);
				GCC_WARN_64_TO_32_BIT_CONVERSION = YES;
				GCC_WARN_ABOUT_RETURN_TYPE = YES_ERROR;
				GCC_WARN_UNDECLARED_SELECTOR = YES;
				GCC_WARN_UNINITIALIZED_AUTOS = YES_AGGRESSIVE;
				GCC_WARN_UNUSED_FUNCTION = YES;
				GCC_WARN_UNUSED_VARIABLE = YES;
				IPHONEOS_DEPLOYMENT_TARGET = 14.5;
				MTL_ENABLE_DEBUG_INFO = INCLUDE_SOURCE;
				MTL_FAST_MATH = YES;
				ONLY_ACTIVE_ARCH = YES;
				SDKROOT = iphoneos;
				SWIFT_ACTIVE_COMPILATION_CONDITIONS = DEBUG;
				SWIFT_OPTIMIZATION_LEVEL = "-Onone";
			};
			name = Debug;
		};
		40CC7FF9268DB96100A373D5 /* Release */ = {
			isa = XCBuildConfiguration;
			buildSettings = {
				ALWAYS_SEARCH_USER_PATHS = NO;
				CLANG_ANALYZER_NONNULL = YES;
				CLANG_ANALYZER_NUMBER_OBJECT_CONVERSION = YES_AGGRESSIVE;
				CLANG_CXX_LANGUAGE_STANDARD = "gnu++14";
				CLANG_CXX_LIBRARY = "libc++";
				CLANG_ENABLE_MODULES = YES;
				CLANG_ENABLE_OBJC_ARC = YES;
				CLANG_ENABLE_OBJC_WEAK = YES;
				CLANG_WARN_BLOCK_CAPTURE_AUTORELEASING = YES;
				CLANG_WARN_BOOL_CONVERSION = YES;
				CLANG_WARN_COMMA = YES;
				CLANG_WARN_CONSTANT_CONVERSION = YES;
				CLANG_WARN_DEPRECATED_OBJC_IMPLEMENTATIONS = YES;
				CLANG_WARN_DIRECT_OBJC_ISA_USAGE = YES_ERROR;
				CLANG_WARN_DOCUMENTATION_COMMENTS = YES;
				CLANG_WARN_EMPTY_BODY = YES;
				CLANG_WARN_ENUM_CONVERSION = YES;
				CLANG_WARN_INFINITE_RECURSION = YES;
				CLANG_WARN_INT_CONVERSION = YES;
				CLANG_WARN_NON_LITERAL_NULL_CONVERSION = YES;
				CLANG_WARN_OBJC_IMPLICIT_RETAIN_SELF = YES;
				CLANG_WARN_OBJC_LITERAL_CONVERSION = YES;
				CLANG_WARN_OBJC_ROOT_CLASS = YES_ERROR;
				CLANG_WARN_QUOTED_INCLUDE_IN_FRAMEWORK_HEADER = YES;
				CLANG_WARN_RANGE_LOOP_ANALYSIS = YES;
				CLANG_WARN_STRICT_PROTOTYPES = YES;
				CLANG_WARN_SUSPICIOUS_MOVE = YES;
				CLANG_WARN_UNGUARDED_AVAILABILITY = YES_AGGRESSIVE;
				CLANG_WARN_UNREACHABLE_CODE = YES;
				CLANG_WARN__DUPLICATE_METHOD_MATCH = YES;
				COPY_PHASE_STRIP = NO;
				DEBUG_INFORMATION_FORMAT = "dwarf-with-dsym";
				ENABLE_NS_ASSERTIONS = NO;
				ENABLE_STRICT_OBJC_MSGSEND = YES;
				GCC_C_LANGUAGE_STANDARD = gnu11;
				GCC_NO_COMMON_BLOCKS = YES;
				GCC_WARN_64_TO_32_BIT_CONVERSION = YES;
				GCC_WARN_ABOUT_RETURN_TYPE = YES_ERROR;
				GCC_WARN_UNDECLARED_SELECTOR = YES;
				GCC_WARN_UNINITIALIZED_AUTOS = YES_AGGRESSIVE;
				GCC_WARN_UNUSED_FUNCTION = YES;
				GCC_WARN_UNUSED_VARIABLE = YES;
				IPHONEOS_DEPLOYMENT_TARGET = 14.5;
				MTL_ENABLE_DEBUG_INFO = NO;
				MTL_FAST_MATH = YES;
				SDKROOT = iphoneos;
				SWIFT_COMPILATION_MODE = wholemodule;
				SWIFT_OPTIMIZATION_LEVEL = "-O";
				VALIDATE_PRODUCT = YES;
			};
			name = Release;
		};
		40CC7FFB268DB96100A373D5 /* Debug */ = {
			isa = XCBuildConfiguration;
			buildSettings = {
				ASSETCATALOG_COMPILER_APPICON_NAME = AppIcon;
				ASSETCATALOG_COMPILER_GLOBAL_ACCENT_COLOR_NAME = AccentColor;
				CODE_SIGN_STYLE = Automatic;
				DEVELOPMENT_TEAM = 453P96VLX3;
				INFOPLIST_FILE = Messenger/Info.plist;
				IPHONEOS_DEPLOYMENT_TARGET = 14.5;
				LD_RUNPATH_SEARCH_PATHS = (
					"$(inherited)",
					"@executable_path/Frameworks",
				);
				PRODUCT_BUNDLE_IDENTIFIER = com.Golkowski.Messenger;
				PRODUCT_NAME = "$(TARGET_NAME)";
				SWIFT_VERSION = 5.0;
				TARGETED_DEVICE_FAMILY = "1,2";
			};
			name = Debug;
		};
		40CC7FFC268DB96100A373D5 /* Release */ = {
			isa = XCBuildConfiguration;
			buildSettings = {
				ASSETCATALOG_COMPILER_APPICON_NAME = AppIcon;
				ASSETCATALOG_COMPILER_GLOBAL_ACCENT_COLOR_NAME = AccentColor;
				CODE_SIGN_STYLE = Automatic;
				DEVELOPMENT_TEAM = 453P96VLX3;
				INFOPLIST_FILE = Messenger/Info.plist;
				IPHONEOS_DEPLOYMENT_TARGET = 14.5;
				LD_RUNPATH_SEARCH_PATHS = (
					"$(inherited)",
					"@executable_path/Frameworks",
				);
				PRODUCT_BUNDLE_IDENTIFIER = com.Golkowski.Messenger;
				PRODUCT_NAME = "$(TARGET_NAME)";
				SWIFT_VERSION = 5.0;
				TARGETED_DEVICE_FAMILY = "1,2";
			};
			name = Release;
		};
/* End XCBuildConfiguration section */

/* Begin XCConfigurationList section */
		40CC7FE1268DB96000A373D5 /* Build configuration list for PBXProject "Messenger" */ = {
			isa = XCConfigurationList;
			buildConfigurations = (
				40CC7FF8268DB96100A373D5 /* Debug */,
				40CC7FF9268DB96100A373D5 /* Release */,
			);
			defaultConfigurationIsVisible = 0;
			defaultConfigurationName = Release;
		};
		40CC7FFA268DB96100A373D5 /* Build configuration list for PBXNativeTarget "Messenger" */ = {
			isa = XCConfigurationList;
			buildConfigurations = (
				40CC7FFB268DB96100A373D5 /* Debug */,
				40CC7FFC268DB96100A373D5 /* Release */,
			);
			defaultConfigurationIsVisible = 0;
			defaultConfigurationName = Release;
		};
/* End XCConfigurationList section */
	};
	rootObject = 40CC7FDE268DB96000A373D5 /* Project object */;
}
